
Microsoft Visual Studio Solution File, Format Version 12.00
# Visual Studio Version 16
VisualStudioVersion = 16.0.30128.74
MinimumVisualStudioVersion = 10.0.40219.1
Project("{FAE04EC0-301F-11D3-BF4B-00C04F79EFBC}") = "PracovniDiar", "PracovniDiar\PracovniDiar.csproj", "{70F22291-ED4F-4D09-A609-C6B242D6FB1E}"
EndProject
Global
	GlobalSection(SolutionConfigurationPlatforms) = preSolution
		Debug|Any CPU = Debug|Any CPU
		Release|Any CPU = Release|Any CPU
	EndGlobalSection
	GlobalSection(ProjectConfigurationPlatforms) = postSolution
		{70F22291-ED4F-4D09-A609-C6B242D6FB1E}.Debug|Any CPU.ActiveCfg = Debug|Any CPU
		{70F22291-ED4F-4D09-A609-C6B242D6FB1E}.Debug|Any CPU.Build.0 = Debug|Any CPU
		{70F22291-ED4F-4D09-A609-C6B242D6FB1E}.Release|Any CPU.ActiveCfg = Release|Any CPU
		{70F22291-ED4F-4D09-A609-C6B242D6FB1E}.Release|Any CPU.Build.0 = Release|Any CPU
	EndGlobalSection
	GlobalSection(SolutionProperties) = preSolution
		HideSolutionNode = FALSE
	EndGlobalSection
	GlobalSection(ExtensibilityGlobals) = postSolution
		SolutionGuid = {2A44116D-176A-4D1D-AB7A-935DD6D0EC43}
	EndGlobalSection
EndGlobal
